# THIS IS AN AUTOGENERATED FILE. DO NOT EDIT THIS FILE DIRECTLY.
# yarn lockfile v1


fsevents@~2.1.2:
  version "2.1.3"
  resolved "https://registry.npm.taobao.org/fsevents/download/fsevents-2.1.3.tgz#fb738703ae8d2f9fe900c33836ddebee8b97f23e"
  integrity sha1-+3OHA66NL5/pAMM4Nt3r7ouX8j4=

mime@>=2.4.6:
  version "2.5.0"
  resolved "https://registry.npm.taobao.org/mime/download/mime-2.5.0.tgz?cache=0&sync_timestamp=1610756280096&other_urls=https%3A%2F%2Fregistry.npm.taobao.org%2Fmime%2Fdownload%2Fmime-2.5.0.tgz#2b4af934401779806ee98026bb42e8c1ae1876b1"
  integrity sha1-K0r5NEAXeYBu6YAmu0Lowa4YdrE=

opener@1:
  version "1.5.2"
  resolved "https://registry.npm.taobao.org/opener/download/opener-1.5.2.tgz#5d37e1f35077b9dcac4301372271afdeb2a13598"
  integrity sha1-XTfh81B3udysQwE3InGv3rKhNZg=

rollup-plugin-serve@^1.1.0:
  version "1.1.0"
  resolved "https://registry.npm.taobao.org/rollup-plugin-serve/download/rollup-plugin-serve-1.1.0.tgz#0654a57021a21b903340c69940f7463706e8288d"
  integrity sha1-BlSlcCGiG5AzQMaZQPdGNwboKI0=
  dependencies:
    mime ">=2.4.6"
    opener "1"

rollup@^2.36.2:
  version "2.36.2"
  resolved "https://registry.npm.taobao.org/rollup/download/rollup-2.36.2.tgz?cache=0&sync_timestamp=1610776365094&other_urls=https%3A%2F%2Fregistry.npm.taobao.org%2Frollup%2Fdownload%2Frollup-2.36.2.tgz#883fc793c70c8481ad604f1065cd79ab0a4e9c49"
  integrity sha1-iD/Hk8cMhIGtYE8QZc15qwpOnEk=
  optionalDependencies:
    fsevents "~2.1.2"
